// !$*UTF8*$!
{
	archiveVersion = 1;
	classes = {
	};
	objectVersion = 50;
	objects = {

/* Begin PBXBuildFile section */
		845CABBE24C5D4C300350FA1 /* AppDelegate.swift in Sources */ = {isa = PBXBuildFile; fileRef = 845CABBD24C5D4C300350FA1 /* AppDelegate.swift */; };
		845CABC024C5D4C300350FA1 /* SceneDelegate.swift in Sources */ = {isa = PBXBuildFile; fileRef = 845CABBF24C5D4C300350FA1 /* SceneDelegate.swift */; };
		845CABC224C5D4C300350FA1 /* ViewController.swift in Sources */ = {isa = PBXBuildFile; fileRef = 845CABC124C5D4C300350FA1 /* ViewController.swift */; };
		845CABC524C5D4C300350FA1 /* Main.storyboard in Resources */ = {isa = PBXBuildFile; fileRef = 845CABC324C5D4C300350FA1 /* Main.storyboard */; };
		845CABC724C5D4C400350FA1 /* Assets.xcassets in Resources */ = {isa = PBXBuildFile; fileRef = 845CABC624C5D4C400350FA1 /* Assets.xcassets */; };
		845CABCA24C5D4C400350FA1 /* LaunchScreen.storyboard in Resources */ = {isa = PBXBuildFile; fileRef = 845CABC824C5D4C400350FA1 /* LaunchScreen.storyboard */; };
		845CABD224C5D56800350FA1 /* .gitignore in Resources */ = {isa = PBXBuildFile; fileRef = 845CABD124C5D56800350FA1 /* .gitignore */; };
/* End PBXBuildFile section */

/* Begin PBXFileReference section */
		845CABBA24C5D4C300350FA1 /* TestTask-Funbox.app */ = {isa = PBXFileReference; explicitFileType = wrapper.application; includeInIndex = 0; path = "TestTask-Funbox.app"; sourceTree = BUILT_PRODUCTS_DIR; };
		845CABBD24C5D4C300350FA1 /* AppDelegate.swift */ = {isa = PBXFileReference; lastKnownFileType = sourcecode.swift; path = AppDelegate.swift; sourceTree = "<group>"; };
		845CABBF24C5D4C300350FA1 /* SceneDelegate.swift */ = {isa = PBXFileReference; lastKnownFileType = sourcecode.swift; path = SceneDelegate.swift; sourceTree = "<group>"; };
		845CABC124C5D4C300350FA1 /* ViewController.swift */ = {isa = PBXFileReference; lastKnownFileType = sourcecode.swift; path = ViewController.swift; sourceTree = "<group>"; };
		845CABC424C5D4C300350FA1 /* Base */ = {isa = PBXFileReference; lastKnownFileType = file.storyboard; name = Base; path = Base.lproj/Main.storyboard; sourceTree = "<group>"; };
		845CABC624C5D4C400350FA1 /* Assets.xcassets */ = {isa = PBXFileReference; lastKnownFileType = folder.assetcatalog; path = Assets.xcassets; sourceTree = "<group>"; };
		845CABC924C5D4C400350FA1 /* Base */ = {isa = PBXFileReference; lastKnownFileType = file.storyboard; name = Base; path = Base.lproj/LaunchScreen.storyboard; sourceTree = "<group>"; };
		845CABCB24C5D4C400350FA1 /* Info.plist */ = {isa = PBXFileReference; lastKnownFileType = text.plist.xml; path = Info.plist; sourceTree = "<group>"; };
		845CABD124C5D56800350FA1 /* .gitignore */ = {isa = PBXFileReference; lastKnownFileType = text; path = .gitignore; sourceTree = "<group>"; };
/* End PBXFileReference section */

/* Begin PBXFrameworksBuildPhase section */
		845CABB724C5D4C300350FA1 /* Frameworks */ = {
			isa = PBXFrameworksBuildPhase;
			buildActionMask = 2147483647;
			files = (
			);
			runOnlyForDeploymentPostprocessing = 0;
		};
/* End PBXFrameworksBuildPhase section */

/* Begin PBXGroup section */
		845CABB124C5D4C300350FA1 = {
			isa = PBXGroup;
			children = (
				845CABD124C5D56800350FA1 /* .gitignore */,
				845CABBC24C5D4C300350FA1 /* TestTask-Funbox */,
				845CABBB24C5D4C300350FA1 /* Products */,
			);
			sourceTree = "<group>";
		};
		845CABBB24C5D4C300350FA1 /* Products */ = {
			isa = PBXGroup;
			children = (
				845CABBA24C5D4C300350FA1 /* TestTask-Funbox.app */,
			);
			name = Products;
			sourceTree = "<group>";
		};
		845CABBC24C5D4C300350FA1 /* TestTask-Funbox */ = {
			isa = PBXGroup;
			children = (
				845CABBD24C5D4C300350FA1 /* AppDelegate.swift */,
				845CABBF24C5D4C300350FA1 /* SceneDelegate.swift */,
				845CABC124C5D4C300350FA1 /* ViewController.swift */,
				845CABC324C5D4C300350FA1 /* Main.storyboard */,
				845CABC624C5D4C400350FA1 /* Assets.xcassets */,
				845CABC824C5D4C400350FA1 /* LaunchScreen.storyboard */,
				845CABCB24C5D4C400350FA1 /* Info.plist */,
			);
			path = "TestTask-Funbox";
			sourceTree = "<group>";
		};
/* End PBXGroup section */

/* Begin PBXNativeTarget section */
		845CABB924C5D4C300350FA1 /* TestTask-Funbox */ = {
			isa = PBXNativeTarget;
			buildConfigurationList = 845CABCE24C5D4C400350FA1 /* Build configuration list for PBXNativeTarget "TestTask-Funbox" */;
			buildPhases = (
				845CABB624C5D4C300350FA1 /* Sources */,
				845CABB724C5D4C300350FA1 /* Frameworks */,
				845CABB824C5D4C300350FA1 /* Resources */,
			);
			buildRules = (
			);
			dependencies = (
			);
			name = "TestTask-Funbox";
			productName = "TestTask-Funbox";
			productReference = 845CABBA24C5D4C300350FA1 /* TestTask-Funbox.app */;
			productType = "com.apple.product-type.application";
		};
/* End PBXNativeTarget section */

/* Begin PBXProject section */
		845CABB224C5D4C300350FA1 /* Project object */ = {
			isa = PBXProject;
			attributes = {
				LastSwiftUpdateCheck = 1150;
				LastUpgradeCheck = 1150;
				ORGANIZATIONNAME = admin;
				TargetAttributes = {
					845CABB924C5D4C300350FA1 = {
						CreatedOnToolsVersion = 11.5;
					};
				};
			};
			buildConfigurationList = 845CABB524C5D4C300350FA1 /* Build configuration list for PBXProject "TestTask-Funbox" */;
			compatibilityVersion = "Xcode 9.3";
			developmentRegion = en;
			hasScannedForEncodings = 0;
			knownRegions = (
				en,
				Base,
			);
			mainGroup = 845CABB124C5D4C300350FA1;
			productRefGroup = 845CABBB24C5D4C300350FA1 /* Products */;
			projectDirPath = "";
			projectRoot = "";
			targets = (
				845CABB924C5D4C300350FA1 /* TestTask-Funbox */,
			);
		};
/* End PBXProject section */

/* Begin PBXResourcesBuildPhase section */
		845CABB824C5D4C300350FA1 /* Resources */ = {
			isa = PBXResourcesBuildPhase;
			buildActionMask = 2147483647;
			files = (
				845CABD224C5D56800350FA1 /* .gitignore in Resources */,
				845CABCA24C5D4C400350FA1 /* LaunchScreen.storyboard in Resources */,
				845CABC724C5D4C400350FA1 /* Assets.xcassets in Resources */,
				845CABC524C5D4C300350FA1 /* Main.storyboard in Resources */,
			);
			runOnlyForDeploymentPostprocessing = 0;
		};
/* End PBXResourcesBuildPhase section */

/* Begin PBXSourcesBuildPhase section */
		845CABB624C5D4C300350FA1 /* Sources */ = {
			isa = PBXSourcesBuildPhase;
			buildActionMask = 2147483647;
			files = (
				845CABC224C5D4C300350FA1 /* ViewController.swift in Sources */,
				845CABBE24C5D4C300350FA1 /* AppDelegate.swift in Sources */,
				845CABC024C5D4C300350FA1 /* SceneDelegate.swift in Sources */,
			);
			runOnlyForDeploymentPostprocessing = 0;
		};
/* End PBXSourcesBuildPhase section */

/* Begin PBXVariantGroup section */
		845CABC324C5D4C300350FA1 /* Main.storyboard */ = {
			isa = PBXVariantGroup;
			children = (
				845CABC424C5D4C300350FA1 /* Base */,
			);
			name = Main.storyboard;
			sourceTree = "<group>";
		};
		845CABC824C5D4C400350FA1 /* LaunchScreen.storyboard */ = {
			isa = PBXVariantGroup;
			children = (
				845CABC924C5D4C400350FA1 /* Base */,
			);
			name = LaunchScreen.storyboard;
			sourceTree = "<group>";
		};
/* End PBXVariantGroup section */

/* Begin XCBuildConfiguration section */
		845CABCC24C5D4C400350FA1 /* Debug */ = {
			isa = XCBuildConfiguration;
			buildSettings = {
				ALWAYS_SEARCH_USER_PATHS = NO;
				CLANG_ANALYZER_NONNULL = YES;
				CLANG_ANALYZER_NUMBER_OBJECT_CONVERSION = YES_AGGRESSIVE;
				CLANG_CXX_LANGUAGE_STANDARD = "gnu++14";
				CLANG_CXX_LIBRARY = "libc++";
				CLANG_ENABLE_MODULES = YES;
				CLANG_ENABLE_OBJC_ARC = YES;
				CLANG_ENABLE_OBJC_WEAK = YES;
				CLANG_WARN_BLOCK_CAPTURE_AUTORELEASING = YES;
				CLANG_WARN_BOOL_CONVERSION = YES;
				CLANG_WARN_COMMA = YES;
				CLANG_WARN_CONSTANT_CONVERSION = YES;
				CLANG_WARN_DEPRECATED_OBJC_IMPLEMENTATIONS = YES;
				CLANG_WARN_DIRECT_OBJC_ISA_USAGE = YES_ERROR;
				CLANG_WARN_DOCUMENTATION_COMMENTS = YES;
				CLANG_WARN_EMPTY_BODY = YES;
				CLANG_WARN_ENUM_CONVERSION = YES;
				CLANG_WARN_INFINITE_RECURSION = YES;
				CLANG_WARN_INT_CONVERSION = YES;
				CLANG_WARN_NON_LITERAL_NULL_CONVERSION = YES;
				CLANG_WARN_OBJC_IMPLICIT_RETAIN_SELF = YES;
				CLANG_WARN_OBJC_LITERAL_CONVERSION = YES;
				CLANG_WARN_OBJC_ROOT_CLASS = YES_ERROR;
				CLANG_WARN_RANGE_LOOP_ANALYSIS = YES;
				CLANG_WARN_STRICT_PROTOTYPES = YES;
				CLANG_WARN_SUSPICIOUS_MOVE = YES;
				CLANG_WARN_UNGUARDED_AVAILABILITY = YES_AGGRESSIVE;
				CLANG_WARN_UNREACHABLE_CODE = YES;
				CLANG_WARN__DUPLICATE_METHOD_MATCH = YES;
				COPY_PHASE_STRIP = NO;
				DEBUG_INFORMATION_FORMAT = dwarf;
				ENABLE_STRICT_OBJC_MSGSEND = YES;
				ENABLE_TESTABILITY = YES;
				GCC_C_LANGUAGE_STANDARD = gnu11;
				GCC_DYNAMIC_NO_PIC = NO;
				GCC_NO_COMMON_BLOCKS = YES;
				GCC_OPTIMIZATION_LEVEL = 0;
				GCC_PREPROCESSOR_DEFINITIONS = (
					"DEBUG=1",
					"$(inherited)",
				);
				GCC_WARN_64_TO_32_BIT_CONVERSION = YES;
				GCC_WARN_ABOUT_RETURN_TYPE = YES_ERROR;
				GCC_WARN_UNDECLARED_SELECTOR = YES;
				GCC_WARN_UNINITIALIZED_AUTOS = YES_AGGRESSIVE;
				GCC_WARN_UNUSED_FUNCTION = YES;
				GCC_WARN_UNUSED_VARIABLE = YES;
				IPHONEOS_DEPLOYMENT_TARGET = 13.5;
				MTL_ENABLE_DEBUG_INFO = INCLUDE_SOURCE;
				MTL_FAST_MATH = YES;
				ONLY_ACTIVE_ARCH = YES;
				SDKROOT = iphoneos;
				SWIFT_ACTIVE_COMPILATION_CONDITIONS = DEBUG;
				SWIFT_OPTIMIZATION_LEVEL = "-Onone";
			};
			name = Debug;
		};
		845CABCD24C5D4C400350FA1 /* Release */ = {
			isa = XCBuildConfiguration;
			buildSettings = {
				ALWAYS_SEARCH_USER_PATHS = NO;
				CLANG_ANALYZER_NONNULL = YES;
				CLANG_ANALYZER_NUMBER_OBJECT_CONVERSION = YES_AGGRESSIVE;
				CLANG_CXX_LANGUAGE_STANDARD = "gnu++14";
				CLANG_CXX_LIBRARY = "libc++";
				CLANG_ENABLE_MODULES = YES;
				CLANG_ENABLE_OBJC_ARC = YES;
				CLANG_ENABLE_OBJC_WEAK = YES;
				CLANG_WARN_BLOCK_CAPTURE_AUTORELEASING = YES;
				CLANG_WARN_BOOL_CONVERSION = YES;
				CLANG_WARN_COMMA = YES;
				CLANG_WARN_CONSTANT_CONVERSION = YES;
				CLANG_WARN_DEPRECATED_OBJC_IMPLEMENTATIONS = YES;
				CLANG_WARN_DIRECT_OBJC_ISA_USAGE = YES_ERROR;
				CLANG_WARN_DOCUMENTATION_COMMENTS = YES;
				CLANG_WARN_EMPTY_BODY = YES;
				CLANG_WARN_ENUM_CONVERSION = YES;
				CLANG_WARN_INFINITE_RECURSION = YES;
				CLANG_WARN_INT_CONVERSION = YES;
				CLANG_WARN_NON_LITERAL_NULL_CONVERSION = YES;
				CLANG_WARN_OBJC_IMPLICIT_RETAIN_SELF = YES;
				CLANG_WARN_OBJC_LITERAL_CONVERSION = YES;
				CLANG_WARN_OBJC_ROOT_CLASS = YES_ERROR;
				CLANG_WARN_RANGE_LOOP_ANALYSIS = YES;
				CLANG_WARN_STRICT_PROTOTYPES = YES;
				CLANG_WARN_SUSPICIOUS_MOVE = YES;
				CLANG_WARN_UNGUARDED_AVAILABILITY = YES_AGGRESSIVE;
				CLANG_WARN_UNREACHABLE_CODE = YES;
				CLANG_WARN__DUPLICATE_METHOD_MATCH = YES;
				COPY_PHASE_STRIP = NO;
				DEBUG_INFORMATION_FORMAT = "dwarf-with-dsym";
				ENABLE_NS_ASSERTIONS = NO;
				ENABLE_STRICT_OBJC_MSGSEND = YES;
				GCC_C_LANGUAGE_STANDARD = gnu11;
				GCC_NO_COMMON_BLOCKS = YES;
				GCC_WARN_64_TO_32_BIT_CONVERSION = YES;
				GCC_WARN_ABOUT_RETURN_TYPE = YES_ERROR;
				GCC_WARN_UNDECLARED_SELECTOR = YES;
				GCC_WARN_UNINITIALIZED_AUTOS = YES_AGGRESSIVE;
				GCC_WARN_UNUSED_FUNCTION = YES;
				GCC_WARN_UNUSED_VARIABLE = YES;
				IPHONEOS_DEPLOYMENT_TARGET = 13.5;
				MTL_ENABLE_DEBUG_INFO = NO;
				MTL_FAST_MATH = YES;
				SDKROOT = iphoneos;
				SWIFT_COMPILATION_MODE = wholemodule;
				SWIFT_OPTIMIZATION_LEVEL = "-O";
				VALIDATE_PRODUCT = YES;
			};
			name = Release;
		};
		845CABCF24C5D4C400350FA1 /* Debug */ = {
			isa = XCBuildConfiguration;
			buildSettings = {
				ASSETCATALOG_COMPILER_APPICON_NAME = AppIcon;
				CODE_SIGN_STYLE = Automatic;
				DEVELOPMENT_TEAM = 2PQ8675BM6;
				INFOPLIST_FILE = "TestTask-Funbox/Info.plist";
				LD_RUNPATH_SEARCH_PATHS = (
					"$(inherited)",
					"@executable_path/Frameworks",
				);
				PRODUCT_BUNDLE_IDENTIFIER = "denis.TestTask-Funbox";
				PRODUCT_NAME = "$(TARGET_NAME)";
				SWIFT_VERSION = 5.0;
				TARGETED_DEVICE_FAMILY = "1,2";
			};
			name = Debug;
		};
		845CABD024C5D4C400350FA1 /* Release */ = {
			isa = XCBuildConfiguration;
			buildSettings = {
				ASSETCATALOG_COMPILER_APPICON_NAME = AppIcon;
				CODE_SIGN_STYLE = Automatic;
				DEVELOPMENT_TEAM = 2PQ8675BM6;
				INFOPLIST_FILE = "TestTask-Funbox/Info.plist";
				LD_RUNPATH_SEARCH_PATHS = (
					"$(inherited)",
					"@executable_path/Frameworks",
				);
				PRODUCT_BUNDLE_IDENTIFIER = "denis.TestTask-Funbox";
				PRODUCT_NAME = "$(TARGET_NAME)";
				SWIFT_VERSION = 5.0;
				TARGETED_DEVICE_FAMILY = "1,2";
			};
			name = Release;
		};
/* End XCBuildConfiguration section */

/* Begin XCConfigurationList section */
		845CABB524C5D4C300350FA1 /* Build configuration list for PBXProject "TestTask-Funbox" */ = {
			isa = XCConfigurationList;
			buildConfigurations = (
				845CABCC24C5D4C400350FA1 /* Debug */,
				845CABCD24C5D4C400350FA1 /* Release */,
			);
			defaultConfigurationIsVisible = 0;
			defaultConfigurationName = Release;
		};
		845CABCE24C5D4C400350FA1 /* Build configuration list for PBXNativeTarget "TestTask-Funbox" */ = {
			isa = XCConfigurationList;
			buildConfigurations = (
				845CABCF24C5D4C400350FA1 /* Debug */,
				845CABD024C5D4C400350FA1 /* Release */,
			);
			defaultConfigurationIsVisible = 0;
			defaultConfigurationName = Release;
		};
/* End XCConfigurationList section */
	};
	rootObject = 845CABB224C5D4C300350FA1 /* Project object */;
}
